
Microsoft Visual Studio Solution File, Format Version 12.00
# Visual Studio Version 16
VisualStudioVersion = 16.0.35931.194
MinimumVisualStudioVersion = 10.0.40219.1
Project("{FAE04EC0-301F-11D3-BF4B-00C04F79EFBC}") = "PedidosApp", "PedidosApp\PedidosApp.csproj", "{22791E25-5DE0-49BA-A5CA-76F875E22102}"
EndProject
Global
	GlobalSection(SolutionConfigurationPlatforms) = preSolution
		Debug|Any CPU = Debug|Any CPU
		Release|Any CPU = Release|Any CPU
	EndGlobalSection
	GlobalSection(ProjectConfigurationPlatforms) = postSolution
		{22791E25-5DE0-49BA-A5CA-76F875E22102}.Debug|Any CPU.ActiveCfg = Debug|Any CPU
		{22791E25-5DE0-49BA-A5CA-76F875E22102}.Debug|Any CPU.Build.0 = Debug|Any CPU
		{22791E25-5DE0-49BA-A5CA-76F875E22102}.Release|Any CPU.ActiveCfg = Release|Any CPU
		{22791E25-5DE0-49BA-A5CA-76F875E22102}.Release|Any CPU.Build.0 = Release|Any CPU
	EndGlobalSection
	GlobalSection(SolutionProperties) = preSolution
		HideSolutionNode = FALSE
	EndGlobalSection
	GlobalSection(ExtensibilityGlobals) = postSolution
		SolutionGuid = {A13F1B1C-B1BF-4862-9FB0-3FF00276D836}
	EndGlobalSection
EndGlobal
